
Microsoft Visual Studio Solution File, Format Version 12.00
# Visual Studio Version 16
VisualStudioVersion = 16.0.30114.105
MinimumVisualStudioVersion = 10.0.40219.1
Project("{FAE04EC0-301F-11D3-BF4B-00C04F79EFBC}") = "ValheimCheat", "Valheim\ValheimCheat.csproj", "{D22B181E-A9FA-4960-96F2-109E968AAFD5}"
EndProject
Global
	GlobalSection(SolutionConfigurationPlatforms) = preSolution
		Debug|Any CPU = Debug|Any CPU
		Release|Any CPU = Release|Any CPU
	EndGlobalSection
	GlobalSection(ProjectConfigurationPlatforms) = postSolution
		{D22B181E-A9FA-4960-96F2-109E968AAFD5}.Debug|Any CPU.ActiveCfg = Debug|Any CPU
		{D22B181E-A9FA-4960-96F2-109E968AAFD5}.Debug|Any CPU.Build.0 = Debug|Any CPU
		{D22B181E-A9FA-4960-96F2-109E968AAFD5}.Release|Any CPU.ActiveCfg = Release|Any CPU
		{D22B181E-A9FA-4960-96F2-109E968AAFD5}.Release|Any CPU.Build.0 = Release|Any CPU
	EndGlobalSection
	GlobalSection(SolutionProperties) = preSolution
		HideSolutionNode = FALSE
	EndGlobalSection
	GlobalSection(ExtensibilityGlobals) = postSolution
		SolutionGuid = {F6549142-341B-4CC4-9D82-8A5573A1562A}
	EndGlobalSection
EndGlobal
